{
  "nodes": {
    "flake-utils": {
      "inputs": {
        "systems": "systems"
      },
      "locked": {
        "lastModified": 1694529238,
        "narHash": "sha256-zsNZZGTGnMOf9YpHKJqMSsa0dXbfmxeoJ7xHlrt+xmY=",
        "owner": "numtide",
        "repo": "flake-utils",
        "rev": "ff7b65b44d01cf9ba6a71320833626af21126384",
        "type": "github"
      },
      "original": {
        "owner": "numtide",
        "repo": "flake-utils",
        "type": "github"
      }
    },
    "godot": {
      "inputs": {
        "flake-utils": "flake-utils",
        "godot-desktop-file": "godot-desktop-file",
        "godot-icon-png": "godot-icon-png",
        "godot-icon-svg": "godot-icon-svg",
        "godot-manpage": "godot-manpage",
        "nixpkgs": [
          "nixpkgs"
        ]
      },
      "locked": {
        "lastModified": 1696937914,
        "narHash": "sha256-s2RaTdMK8xdj+e9BAlckpkUbIbAUP7I5CWuOkbiTndk=",
        "owner": "Quoteme",
        "repo": "nixos-godot-bin",
        "rev": "68adff8f70dceb2a4535dacf772b687019644250",
        "type": "github"
      },
      "original": {
        "owner": "Quoteme",
        "repo": "nixos-godot-bin",
        "type": "github"
      }
    },
    "godot-desktop-file": {
      "flake": false,
      "locked": {
        "narHash": "sha256-FYiixHXikdWjfSDwYc0ZcchoW9UiOBh0cMsClOuSJFY=",
        "type": "file",
        "url": "https://raw.githubusercontent.com/godotengine/godot/master/misc/dist/linux/org.godotengine.Godot.desktop"
      },
      "original": {
        "type": "file",
        "url": "https://raw.githubusercontent.com/godotengine/godot/master/misc/dist/linux/org.godotengine.Godot.desktop"
      }
    },
    "godot-icon-png": {
      "flake": false,
      "locked": {
        "narHash": "sha256-Y4Y2RpEiZOBJEEtgJZVHDJ+GUgN2fn9VPP+oZWQZMr0=",
        "type": "file",
        "url": "https://raw.githubusercontent.com/godotengine/godot/master/icon.png"
      },
      "original": {
        "type": "file",
        "url": "https://raw.githubusercontent.com/godotengine/godot/master/icon.png"
      }
    },
    "godot-icon-svg": {
      "flake": false,
      "locked": {
        "narHash": "sha256-hgrosZPGt/q0YsdhKK7GPO6r9kYwum6e9Y9kYwueiSM=",
        "type": "file",
        "url": "https://raw.githubusercontent.com/godotengine/godot/master/icon.svg"
      },
      "original": {
        "type": "file",
        "url": "https://raw.githubusercontent.com/godotengine/godot/master/icon.svg"
      }
    },
    "godot-manpage": {
      "flake": false,
      "locked": {
        "narHash": "sha256-QBl3N8oOgvzqoTiCCKWUq9PiBqjywhqvCaYM1g40FQw=",
        "type": "file",
        "url": "https://raw.githubusercontent.com/godotengine/godot/master/misc/dist/linux/godot.6"
      },
      "original": {
        "type": "file",
        "url": "https://raw.githubusercontent.com/godotengine/godot/master/misc/dist/linux/godot.6"
      }
    },
    "home-manager": {
      "inputs": {
        "nixpkgs": [
          "nixpkgs"
        ]
      },
      "locked": {
        "lastModified": 1717525419,
        "narHash": "sha256-5z2422pzWnPXHgq2ms8lcCfttM0dz+hg+x1pCcNkAws=",
        "owner": "nix-community",
        "repo": "home-manager",
        "rev": "a7117efb3725e6197dd95424136f79147aa35e5b",
        "type": "github"
      },
      "original": {
        "owner": "nix-community",
        "repo": "home-manager",
        "type": "github"
      }
    },
    "nixpkgs": {
      "locked": {
        "lastModified": 1717786204,
        "narHash": "sha256-4q0s6m0GUcN7q+Y2DqD27iLvbcd1G50T2lv08kKxkSI=",
        "owner": "NixOS",
        "repo": "nixpkgs",
        "rev": "051f920625ab5aabe37c920346e3e69d7d34400e",
        "type": "github"
      },
      "original": {
        "owner": "NixOS",
        "ref": "nixos-unstable",
        "repo": "nixpkgs",
        "type": "github"
      }
    },
    "root": {
      "inputs": {
        "godot": "godot",
        "home-manager": "home-manager",
        "nixpkgs": "nixpkgs"
      }
    },
    "systems": {
      "locked": {
        "lastModified": 1681028828,
        "narHash": "sha256-Vy1rq5AaRuLzOxct8nz4T6wlgyUR7zLU309k9mBC768=",
        "owner": "nix-systems",
        "repo": "default",
        "rev": "da67096a3b9bf56a91d16901293e51ba5b49a27e",
        "type": "github"
      },
      "original": {
        "owner": "nix-systems",
        "repo": "default",
        "type": "github"
      }
    }
  },
  "root": "root",
  "version": 7
}
